
Microsoft Visual Studio Solution File, Format Version 12.00
# Visual Studio Version 16
VisualStudioVersion = 16.0.29728.190
MinimumVisualStudioVersion = 10.0.40219.1
Project("{8BC9CEB8-8B4A-11D0-8D11-00A0C91BC942}") = "UnitTests", "UnitTests\UnitTests.vcxproj", "{B017A009-55BE-4386-AF28-5CFC1A5375F6}"
EndProject
Project("{8BC9CEB8-8B4A-11D0-8D11-00A0C91BC942}") = "PlaygroundEngine", "PlaygroundEngine\PlaygroundEngine.vcxproj", "{6FCB1495-EBA7-4438-834C-893E909C36F9}"
EndProject
Project("{8BC9CEB8-8B4A-11D0-8D11-00A0C91BC942}") = "PlaygroundCore", "PlaygroundCore\PlaygroundCore.vcxproj", "{763DC853-F8AB-4566-A796-BBEC1785F0E9}"
EndProject
Project("{8BC9CEB8-8B4A-11D0-8D11-00A0C91BC942}") = "ExampleTriangle", "ExampleTriangle\ExampleTriangle.vcxproj", "{6A4FDB55-170D-42B5-8B00-0468C29EC809}"
EndProject
Project("{8BC9CEB8-8B4A-11D0-8D11-00A0C91BC942}") = "Benchmarks", "Benchmarks\Benchmarks.vcxproj", "{D1CAF6AC-71E3-4CAD-B433-C1F0B4F0627E}"
EndProject
Project("{8BC9CEB8-8B4A-11D0-8D11-00A0C91BC942}") = "ReactPhysics3D", "ReactPhysics3D\ReactPhysics3D.vcxproj", "{8EC00FDC-C4BE-4821-8892-55B466FFB982}"
EndProject
Global
	GlobalSection(SolutionConfigurationPlatforms) = preSolution
		Debug|x64 = Debug|x64
		Debug|x86 = Debug|x86
		Release|x64 = Release|x64
		Release|x86 = Release|x86
	EndGlobalSection
	GlobalSection(ProjectConfigurationPlatforms) = postSolution
		{B017A009-55BE-4386-AF28-5CFC1A5375F6}.Debug|x64.ActiveCfg = Debug|x64
		{B017A009-55BE-4386-AF28-5CFC1A5375F6}.Debug|x64.Build.0 = Debug|x64
		{B017A009-55BE-4386-AF28-5CFC1A5375F6}.Debug|x86.ActiveCfg = Debug|Win32
		{B017A009-55BE-4386-AF28-5CFC1A5375F6}.Debug|x86.Build.0 = Debug|Win32
		{B017A009-55BE-4386-AF28-5CFC1A5375F6}.Release|x64.ActiveCfg = Release|x64
		{B017A009-55BE-4386-AF28-5CFC1A5375F6}.Release|x64.Build.0 = Release|x64
		{B017A009-55BE-4386-AF28-5CFC1A5375F6}.Release|x86.ActiveCfg = Release|Win32
		{B017A009-55BE-4386-AF28-5CFC1A5375F6}.Release|x86.Build.0 = Release|Win32
		{6FCB1495-EBA7-4438-834C-893E909C36F9}.Debug|x64.ActiveCfg = Debug|x64
		{6FCB1495-EBA7-4438-834C-893E909C36F9}.Debug|x64.Build.0 = Debug|x64
		{6FCB1495-EBA7-4438-834C-893E909C36F9}.Debug|x86.ActiveCfg = Debug|Win32
		{6FCB1495-EBA7-4438-834C-893E909C36F9}.Debug|x86.Build.0 = Debug|Win32
		{6FCB1495-EBA7-4438-834C-893E909C36F9}.Release|x64.ActiveCfg = Release|x64
		{6FCB1495-EBA7-4438-834C-893E909C36F9}.Release|x64.Build.0 = Release|x64
		{6FCB1495-EBA7-4438-834C-893E909C36F9}.Release|x86.ActiveCfg = Release|Win32
		{6FCB1495-EBA7-4438-834C-893E909C36F9}.Release|x86.Build.0 = Release|Win32
		{763DC853-F8AB-4566-A796-BBEC1785F0E9}.Debug|x64.ActiveCfg = Debug|x64
		{763DC853-F8AB-4566-A796-BBEC1785F0E9}.Debug|x64.Build.0 = Debug|x64
		{763DC853-F8AB-4566-A796-BBEC1785F0E9}.Debug|x86.ActiveCfg = Debug|Win32
		{763DC853-F8AB-4566-A796-BBEC1785F0E9}.Debug|x86.Build.0 = Debug|Win32
		{763DC853-F8AB-4566-A796-BBEC1785F0E9}.Release|x64.ActiveCfg = Release|x64
		{763DC853-F8AB-4566-A796-BBEC1785F0E9}.Release|x64.Build.0 = Release|x64
		{763DC853-F8AB-4566-A796-BBEC1785F0E9}.Release|x86.ActiveCfg = Release|Win32
		{763DC853-F8AB-4566-A796-BBEC1785F0E9}.Release|x86.Build.0 = Release|Win32
		{6A4FDB55-170D-42B5-8B00-0468C29EC809}.Debug|x64.ActiveCfg = Debug|x64
		{6A4FDB55-170D-42B5-8B00-0468C29EC809}.Debug|x64.Build.0 = Debug|x64
		{6A4FDB55-170D-42B5-8B00-0468C29EC809}.Debug|x86.ActiveCfg = Debug|Win32
		{6A4FDB55-170D-42B5-8B00-0468C29EC809}.Debug|x86.Build.0 = Debug|Win32
		{6A4FDB55-170D-42B5-8B00-0468C29EC809}.Release|x64.ActiveCfg = Release|x64
		{6A4FDB55-170D-42B5-8B00-0468C29EC809}.Release|x64.Build.0 = Release|x64
		{6A4FDB55-170D-42B5-8B00-0468C29EC809}.Release|x86.ActiveCfg = Release|Win32
		{6A4FDB55-170D-42B5-8B00-0468C29EC809}.Release|x86.Build.0 = Release|Win32
		{D1CAF6AC-71E3-4CAD-B433-C1F0B4F0627E}.Debug|x64.ActiveCfg = Debug|x64
		{D1CAF6AC-71E3-4CAD-B433-C1F0B4F0627E}.Debug|x64.Build.0 = Debug|x64
		{D1CAF6AC-71E3-4CAD-B433-C1F0B4F0627E}.Debug|x86.ActiveCfg = Debug|Win32
		{D1CAF6AC-71E3-4CAD-B433-C1F0B4F0627E}.Debug|x86.Build.0 = Debug|Win32
		{D1CAF6AC-71E3-4CAD-B433-C1F0B4F0627E}.Release|x64.ActiveCfg = Release|x64
		{D1CAF6AC-71E3-4CAD-B433-C1F0B4F0627E}.Release|x64.Build.0 = Release|x64
		{D1CAF6AC-71E3-4CAD-B433-C1F0B4F0627E}.Release|x86.ActiveCfg = Release|Win32
		{D1CAF6AC-71E3-4CAD-B433-C1F0B4F0627E}.Release|x86.Build.0 = Release|Win32
		{8EC00FDC-C4BE-4821-8892-55B466FFB982}.Debug|x64.ActiveCfg = Debug|x64
		{8EC00FDC-C4BE-4821-8892-55B466FFB982}.Debug|x64.Build.0 = Debug|x64
		{8EC00FDC-C4BE-4821-8892-55B466FFB982}.Debug|x86.ActiveCfg = Debug|Win32
		{8EC00FDC-C4BE-4821-8892-55B466FFB982}.Debug|x86.Build.0 = Debug|Win32
		{8EC00FDC-C4BE-4821-8892-55B466FFB982}.Release|x64.ActiveCfg = Release|x64
		{8EC00FDC-C4BE-4821-8892-55B466FFB982}.Release|x64.Build.0 = Release|x64
		{8EC00FDC-C4BE-4821-8892-55B466FFB982}.Release|x86.ActiveCfg = Release|Win32
		{8EC00FDC-C4BE-4821-8892-55B466FFB982}.Release|x86.Build.0 = Release|Win32
	EndGlobalSection
	GlobalSection(SolutionProperties) = preSolution
		HideSolutionNode = FALSE
	EndGlobalSection
	GlobalSection(ExtensibilityGlobals) = postSolution
		SolutionGuid = {ED51C089-BC5A-4349-AEFA-6CCFE5895873}
	EndGlobalSection
EndGlobal
